{
  "lockfile_version": "1",
  "packages": {
    "gcc@latest": {
      "resolved": "github:NixOS/nixpkgs/f80ac848e3d6f0c12c52758c0f25c10c97ca3b62#gcc"
    },
    "go_1_20@latest": {
      "resolved": "github:NixOS/nixpkgs/f80ac848e3d6f0c12c52758c0f25c10c97ca3b62#go_1_20"
    },
    "grafana@latest": {
      "last_modified": "2023-05-01T16:53:22Z",
      "resolved": "github:NixOS/nixpkgs/8670e496ffd093b60e74e7fa53526aa5920d09eb#grafana",
      "version": "9.5.1"
    },
    "prometheus@latest": {
      "resolved": "github:NixOS/nixpkgs/f80ac848e3d6f0c12c52758c0f25c10c97ca3b62#prometheus"
    },
    "sqlite@latest": {
      "resolved": "github:NixOS/nixpkgs/f80ac848e3d6f0c12c52758c0f25c10c97ca3b62#sqlite"
    }
  }
}